{
  "nodes": {
    "crane": {
      "locked": {
        "lastModified": 1775187334,
        "narHash": "sha256-SK9oZzrgeaaHgDXlc3fedpvoXhhw3cRb/7YXZhXN6+I=",
        "owner": "ipetkov",
        "repo": "crane",
        "rev": "9f137cf7cb1293c69c5bf3beda37c00c698ed6c0",
        "type": "github"
      },
      "original": {
        "owner": "ipetkov",
        "repo": "crane",
        "type": "github"
      }
    },
    "nixpkgs": {
      "locked": {
        "lastModified": 1775002709,
        "narHash": "sha256-d3Yx83vSrN+2z/loBh4mJpyRqr9aAJqlke4TkpFmRJA=",
        "owner": "NixOS",
        "repo": "nixpkgs",
        "rev": "bcd464ccd2a1a7cd09aa2f8d4ffba83b761b1d0e",
        "type": "github"
      },
      "original": {
        "owner": "NixOS",
        "ref": "nixos-25.11",
        "repo": "nixpkgs",
        "type": "github"
      }
    },
    "root": {
      "inputs": {
        "crane": "crane",
        "nixpkgs": "nixpkgs",
        "rust-overlay": "rust-overlay"
      }
    },
    "rust-overlay": {
      "inputs": {
        "nixpkgs": [
          "nixpkgs"
        ]
      },
      "locked": {
        "lastModified": 1775185947,
        "narHash": "sha256-8ctPmj6RME4q4ELeg+BuY9lV/34M4AG1CNc0Im9PDDk=",
        "owner": "oxalica",
        "repo": "rust-overlay",
        "rev": "199eeb6748116f7da4fbd3a680bc854e99d9132b",
        "type": "github"
      },
      "original": {
        "owner": "oxalica",
        "repo": "rust-overlay",
        "type": "github"
      }
    }
  },
  "root": "root",
  "version": 7
}
